
Microsoft Visual Studio Solution File, Format Version 12.00
# Visual Studio Version 16
VisualStudioVersion = 16.0.29709.97
MinimumVisualStudioVersion = 10.0.40219.1
Project("{9A19103F-16F7-4668-BE54-9A1E7A4F7556}") = "ApiCredit", "ApiCredit.csproj", "{DA323A4B-8365-49AD-A982-7C1442E71E05}"
EndProject
Global
	GlobalSection(SolutionConfigurationPlatforms) = preSolution
		Debug|Any CPU = Debug|Any CPU
		Release|Any CPU = Release|Any CPU
	EndGlobalSection
	GlobalSection(ProjectConfigurationPlatforms) = postSolution
		{DA323A4B-8365-49AD-A982-7C1442E71E05}.Debug|Any CPU.ActiveCfg = Debug|Any CPU
		{DA323A4B-8365-49AD-A982-7C1442E71E05}.Debug|Any CPU.Build.0 = Debug|Any CPU
		{DA323A4B-8365-49AD-A982-7C1442E71E05}.Release|Any CPU.ActiveCfg = Release|Any CPU
		{DA323A4B-8365-49AD-A982-7C1442E71E05}.Release|Any CPU.Build.0 = Release|Any CPU
	EndGlobalSection
	GlobalSection(SolutionProperties) = preSolution
		HideSolutionNode = FALSE
	EndGlobalSection
	GlobalSection(ExtensibilityGlobals) = postSolution
		SolutionGuid = {71DB4D5B-7F7E-4C6C-864C-A86EA1CFE3B5}
	EndGlobalSection
EndGlobal
